
Microsoft Visual Studio Solution File, Format Version 12.00
# Visual Studio 15
VisualStudioVersion = 15.0.28307.329
MinimumVisualStudioVersion = 10.0.40219.1
Project("{FAE04EC0-301F-11D3-BF4B-00C04F79EFBC}") = "BALLS_GAME", "BALLS_GAME\BALLS_GAME.csproj", "{0072EC87-109F-4729-90B8-4F365A81FF13}"
EndProject
Global
	GlobalSection(SolutionConfigurationPlatforms) = preSolution
		Debug|Any CPU = Debug|Any CPU
		Release|Any CPU = Release|Any CPU
	EndGlobalSection
	GlobalSection(ProjectConfigurationPlatforms) = postSolution
		{0072EC87-109F-4729-90B8-4F365A81FF13}.Debug|Any CPU.ActiveCfg = Debug|Any CPU
		{0072EC87-109F-4729-90B8-4F365A81FF13}.Debug|Any CPU.Build.0 = Debug|Any CPU
		{0072EC87-109F-4729-90B8-4F365A81FF13}.Release|Any CPU.ActiveCfg = Release|Any CPU
		{0072EC87-109F-4729-90B8-4F365A81FF13}.Release|Any CPU.Build.0 = Release|Any CPU
	EndGlobalSection
	GlobalSection(SolutionProperties) = preSolution
		HideSolutionNode = FALSE
	EndGlobalSection
	GlobalSection(ExtensibilityGlobals) = postSolution
		SolutionGuid = {0D2FABCF-2FD6-4AF7-9AE0-EBE0447ED19A}
	EndGlobalSection
EndGlobal
