
Microsoft Visual Studio Solution File, Format Version 12.00
# Visual Studio 15
VisualStudioVersion = 15.0.28307.329
MinimumVisualStudioVersion = 10.0.40219.1
Project("{FAE04EC0-301F-11D3-BF4B-00C04F79EFBC}") = "Example7", "Example7\Example7.csproj", "{DDA6BA7D-0624-4D26-9533-1B4CB57C71F6}"
EndProject
Global
	GlobalSection(SolutionConfigurationPlatforms) = preSolution
		Debug|Any CPU = Debug|Any CPU
		Release|Any CPU = Release|Any CPU
	EndGlobalSection
	GlobalSection(ProjectConfigurationPlatforms) = postSolution
		{DDA6BA7D-0624-4D26-9533-1B4CB57C71F6}.Debug|Any CPU.ActiveCfg = Debug|Any CPU
		{DDA6BA7D-0624-4D26-9533-1B4CB57C71F6}.Debug|Any CPU.Build.0 = Debug|Any CPU
		{DDA6BA7D-0624-4D26-9533-1B4CB57C71F6}.Release|Any CPU.ActiveCfg = Release|Any CPU
		{DDA6BA7D-0624-4D26-9533-1B4CB57C71F6}.Release|Any CPU.Build.0 = Release|Any CPU
	EndGlobalSection
	GlobalSection(SolutionProperties) = preSolution
		HideSolutionNode = FALSE
	EndGlobalSection
	GlobalSection(ExtensibilityGlobals) = postSolution
		SolutionGuid = {855C64A9-F03C-41C7-9941-839A6276E3FE}
	EndGlobalSection
EndGlobal
