
Microsoft Visual Studio Solution File, Format Version 12.00
# Visual Studio 15
VisualStudioVersion = 15.0.28307.329
MinimumVisualStudioVersion = 10.0.40219.1
Project("{FAE04EC0-301F-11D3-BF4B-00C04F79EFBC}") = "EX1", "EX1\EX1.csproj", "{216D026B-C936-44D2-AC81-5BA1E418B3B7}"
EndProject
Global
	GlobalSection(SolutionConfigurationPlatforms) = preSolution
		Debug|Any CPU = Debug|Any CPU
		Release|Any CPU = Release|Any CPU
	EndGlobalSection
	GlobalSection(ProjectConfigurationPlatforms) = postSolution
		{216D026B-C936-44D2-AC81-5BA1E418B3B7}.Debug|Any CPU.ActiveCfg = Debug|Any CPU
		{216D026B-C936-44D2-AC81-5BA1E418B3B7}.Debug|Any CPU.Build.0 = Debug|Any CPU
		{216D026B-C936-44D2-AC81-5BA1E418B3B7}.Release|Any CPU.ActiveCfg = Release|Any CPU
		{216D026B-C936-44D2-AC81-5BA1E418B3B7}.Release|Any CPU.Build.0 = Release|Any CPU
	EndGlobalSection
	GlobalSection(SolutionProperties) = preSolution
		HideSolutionNode = FALSE
	EndGlobalSection
	GlobalSection(ExtensibilityGlobals) = postSolution
		SolutionGuid = {E17B55D2-EBA9-4226-A8C3-CB36D7FB45EC}
	EndGlobalSection
EndGlobal
