
Microsoft Visual Studio Solution File, Format Version 12.00
# Visual Studio 15
VisualStudioVersion = 15.0.28307.329
MinimumVisualStudioVersion = 10.0.40219.1
Project("{FAE04EC0-301F-11D3-BF4B-00C04F79EFBC}") = "DAY", "DAY\DAY.csproj", "{BABA2DFB-1270-47C7-AA51-D9935AA0B416}"
EndProject
Global
	GlobalSection(SolutionConfigurationPlatforms) = preSolution
		Debug|Any CPU = Debug|Any CPU
		Release|Any CPU = Release|Any CPU
	EndGlobalSection
	GlobalSection(ProjectConfigurationPlatforms) = postSolution
		{BABA2DFB-1270-47C7-AA51-D9935AA0B416}.Debug|Any CPU.ActiveCfg = Debug|Any CPU
		{BABA2DFB-1270-47C7-AA51-D9935AA0B416}.Debug|Any CPU.Build.0 = Debug|Any CPU
		{BABA2DFB-1270-47C7-AA51-D9935AA0B416}.Release|Any CPU.ActiveCfg = Release|Any CPU
		{BABA2DFB-1270-47C7-AA51-D9935AA0B416}.Release|Any CPU.Build.0 = Release|Any CPU
	EndGlobalSection
	GlobalSection(SolutionProperties) = preSolution
		HideSolutionNode = FALSE
	EndGlobalSection
	GlobalSection(ExtensibilityGlobals) = postSolution
		SolutionGuid = {5779EEE0-A14F-466C-A75D-8DAE9ED20DD2}
	EndGlobalSection
EndGlobal
